
Microsoft Visual Studio Solution File, Format Version 12.00
# Visual Studio 15
VisualStudioVersion = 15.0.27004.2002
MinimumVisualStudioVersion = 10.0.40219.1
Project("{FAE04EC0-301F-11D3-BF4B-00C04F79EFBC}") = "WebApplication1", "WebApplication1\WebApplication1.csproj", "{1E225F37-9EDB-410A-A8FC-48F5F1CE8165}"
EndProject
Global
	GlobalSection(SolutionConfigurationPlatforms) = preSolution
		Debug|Any CPU = Debug|Any CPU
		Release|Any CPU = Release|Any CPU
	EndGlobalSection
	GlobalSection(ProjectConfigurationPlatforms) = postSolution
		{1E225F37-9EDB-410A-A8FC-48F5F1CE8165}.Debug|Any CPU.ActiveCfg = Debug|Any CPU
		{1E225F37-9EDB-410A-A8FC-48F5F1CE8165}.Debug|Any CPU.Build.0 = Debug|Any CPU
		{1E225F37-9EDB-410A-A8FC-48F5F1CE8165}.Release|Any CPU.ActiveCfg = Release|Any CPU
		{1E225F37-9EDB-410A-A8FC-48F5F1CE8165}.Release|Any CPU.Build.0 = Release|Any CPU
	EndGlobalSection
	GlobalSection(SolutionProperties) = preSolution
		HideSolutionNode = FALSE
	EndGlobalSection
	GlobalSection(ExtensibilityGlobals) = postSolution
		SolutionGuid = {4E5E5D88-B985-45E0-A857-F1590DB73A33}
	EndGlobalSection
EndGlobal
